
Microsoft Visual Studio Solution File, Format Version 10.00
# Visual Studio 2008
Project("{FAE04EC0-301F-11D3-BF4B-00C04F79EFBC}") = "RobotCtrl", "RobotCtrl\RobotCtrl.csproj", "{5D6B41F6-5826-4971-B2A4-BD55E1C7943D}"
EndProject
Project("{FAE04EC0-301F-11D3-BF4B-00C04F79EFBC}") = "RobotView", "RobotView\RobotView.csproj", "{A92E8C46-1490-443D-9D25-1416B1CCE4FF}"
EndProject
Project("{FAE04EC0-301F-11D3-BF4B-00C04F79EFBC}") = "Test-LampView", "Test-LampView\Test-LampView.csproj", "{12409549-0674-42F3-829B-887A45CBAB70}"
EndProject
Project("{FAE04EC0-301F-11D3-BF4B-00C04F79EFBC}") = "Test-Console", "Test-Console\Test-Console.csproj", "{2FF8D76F-AA51-4E3D-BE25-6884F970EC31}"
EndProject
Project("{FAE04EC0-301F-11D3-BF4B-00C04F79EFBC}") = "Test_CE", "Test_CE\Test_CE.csproj", "{18C44049-2FAC-4B14-9810-D043AE7B55CE}"
EndProject
Project("{FAE04EC0-301F-11D3-BF4B-00C04F79EFBC}") = "Test_XP", "Test_XP\Test_XP.csproj", "{B02AFEB2-878C-4EC3-AB13-A55F91783AF9}"
EndProject
Project("{FAE04EC0-301F-11D3-BF4B-00C04F79EFBC}") = "Test_Drive_CE", "Test_Drive_CE\Test_Drive_CE.csproj", "{2ED573C5-7671-445C-905E-63AA81F0E362}"
EndProject
Project("{FAE04EC0-301F-11D3-BF4B-00C04F79EFBC}") = "Test_Drive_XP", "Test_Drive_XP\Test_Drive_XP.csproj", "{57D1E554-1926-419E-B5D1-C9EA977C0874}"
EndProject
Project("{FAE04EC0-301F-11D3-BF4B-00C04F79EFBC}") = "Test_Motor_CE", "Test_Motor_CE\Test_Motor_CE.csproj", "{4BFD24F8-9484-4AEC-9953-6DE3850B58F8}"
EndProject
Project("{FAE04EC0-301F-11D3-BF4B-00C04F79EFBC}") = "Test_Motor_XP", "Test_Motor_XP\Test_Motor_XP.csproj", "{4F1701FB-A3C7-4672-886A-E64618753943}"
EndProject
Project("{FAE04EC0-301F-11D3-BF4B-00C04F79EFBC}") = "Test_WorldView_CE", "Test_WorldView\Test_WorldView_CE.csproj", "{D340E0CE-2A8B-4C54-B0D9-D6774E8735F4}"
EndProject
Project("{FAE04EC0-301F-11D3-BF4B-00C04F79EFBC}") = "Test_WorldView_XP", "Test_WorldView_XP\Test_WorldView_XP.csproj", "{58F67FE8-8060-4C05-B919-740066600326}"
EndProject
Global
	GlobalSection(SolutionConfigurationPlatforms) = preSolution
		Debug|Any CPU = Debug|Any CPU
		Release|Any CPU = Release|Any CPU
	EndGlobalSection
	GlobalSection(ProjectConfigurationPlatforms) = postSolution
		{5D6B41F6-5826-4971-B2A4-BD55E1C7943D}.Debug|Any CPU.ActiveCfg = Debug|Any CPU
		{5D6B41F6-5826-4971-B2A4-BD55E1C7943D}.Debug|Any CPU.Build.0 = Debug|Any CPU
		{5D6B41F6-5826-4971-B2A4-BD55E1C7943D}.Release|Any CPU.ActiveCfg = Release|Any CPU
		{5D6B41F6-5826-4971-B2A4-BD55E1C7943D}.Release|Any CPU.Build.0 = Release|Any CPU
		{A92E8C46-1490-443D-9D25-1416B1CCE4FF}.Debug|Any CPU.ActiveCfg = Debug|Any CPU
		{A92E8C46-1490-443D-9D25-1416B1CCE4FF}.Debug|Any CPU.Build.0 = Debug|Any CPU
		{A92E8C46-1490-443D-9D25-1416B1CCE4FF}.Release|Any CPU.ActiveCfg = Release|Any CPU
		{A92E8C46-1490-443D-9D25-1416B1CCE4FF}.Release|Any CPU.Build.0 = Release|Any CPU
		{12409549-0674-42F3-829B-887A45CBAB70}.Debug|Any CPU.ActiveCfg = Debug|Any CPU
		{12409549-0674-42F3-829B-887A45CBAB70}.Debug|Any CPU.Build.0 = Debug|Any CPU
		{12409549-0674-42F3-829B-887A45CBAB70}.Release|Any CPU.ActiveCfg = Release|Any CPU
		{12409549-0674-42F3-829B-887A45CBAB70}.Release|Any CPU.Build.0 = Release|Any CPU
		{2FF8D76F-AA51-4E3D-BE25-6884F970EC31}.Debug|Any CPU.ActiveCfg = Debug|Any CPU
		{2FF8D76F-AA51-4E3D-BE25-6884F970EC31}.Debug|Any CPU.Build.0 = Debug|Any CPU
		{2FF8D76F-AA51-4E3D-BE25-6884F970EC31}.Release|Any CPU.ActiveCfg = Release|Any CPU
		{2FF8D76F-AA51-4E3D-BE25-6884F970EC31}.Release|Any CPU.Build.0 = Release|Any CPU
		{18C44049-2FAC-4B14-9810-D043AE7B55CE}.Debug|Any CPU.ActiveCfg = Debug|Any CPU
		{18C44049-2FAC-4B14-9810-D043AE7B55CE}.Debug|Any CPU.Build.0 = Debug|Any CPU
		{18C44049-2FAC-4B14-9810-D043AE7B55CE}.Debug|Any CPU.Deploy.0 = Debug|Any CPU
		{18C44049-2FAC-4B14-9810-D043AE7B55CE}.Release|Any CPU.ActiveCfg = Release|Any CPU
		{18C44049-2FAC-4B14-9810-D043AE7B55CE}.Release|Any CPU.Build.0 = Release|Any CPU
		{18C44049-2FAC-4B14-9810-D043AE7B55CE}.Release|Any CPU.Deploy.0 = Release|Any CPU
		{B02AFEB2-878C-4EC3-AB13-A55F91783AF9}.Debug|Any CPU.ActiveCfg = Debug|Any CPU
		{B02AFEB2-878C-4EC3-AB13-A55F91783AF9}.Debug|Any CPU.Build.0 = Debug|Any CPU
		{B02AFEB2-878C-4EC3-AB13-A55F91783AF9}.Release|Any CPU.ActiveCfg = Release|Any CPU
		{B02AFEB2-878C-4EC3-AB13-A55F91783AF9}.Release|Any CPU.Build.0 = Release|Any CPU
		{2ED573C5-7671-445C-905E-63AA81F0E362}.Debug|Any CPU.ActiveCfg = Debug|Any CPU
		{2ED573C5-7671-445C-905E-63AA81F0E362}.Debug|Any CPU.Build.0 = Debug|Any CPU
		{2ED573C5-7671-445C-905E-63AA81F0E362}.Debug|Any CPU.Deploy.0 = Debug|Any CPU
		{2ED573C5-7671-445C-905E-63AA81F0E362}.Release|Any CPU.ActiveCfg = Release|Any CPU
		{2ED573C5-7671-445C-905E-63AA81F0E362}.Release|Any CPU.Build.0 = Release|Any CPU
		{2ED573C5-7671-445C-905E-63AA81F0E362}.Release|Any CPU.Deploy.0 = Release|Any CPU
		{57D1E554-1926-419E-B5D1-C9EA977C0874}.Debug|Any CPU.ActiveCfg = Debug|Any CPU
		{57D1E554-1926-419E-B5D1-C9EA977C0874}.Debug|Any CPU.Build.0 = Debug|Any CPU
		{57D1E554-1926-419E-B5D1-C9EA977C0874}.Release|Any CPU.ActiveCfg = Release|Any CPU
		{57D1E554-1926-419E-B5D1-C9EA977C0874}.Release|Any CPU.Build.0 = Release|Any CPU
		{4BFD24F8-9484-4AEC-9953-6DE3850B58F8}.Debug|Any CPU.ActiveCfg = Debug|Any CPU
		{4BFD24F8-9484-4AEC-9953-6DE3850B58F8}.Debug|Any CPU.Build.0 = Debug|Any CPU
		{4BFD24F8-9484-4AEC-9953-6DE3850B58F8}.Debug|Any CPU.Deploy.0 = Debug|Any CPU
		{4BFD24F8-9484-4AEC-9953-6DE3850B58F8}.Release|Any CPU.ActiveCfg = Release|Any CPU
		{4BFD24F8-9484-4AEC-9953-6DE3850B58F8}.Release|Any CPU.Build.0 = Release|Any CPU
		{4BFD24F8-9484-4AEC-9953-6DE3850B58F8}.Release|Any CPU.Deploy.0 = Release|Any CPU
		{4F1701FB-A3C7-4672-886A-E64618753943}.Debug|Any CPU.ActiveCfg = Debug|Any CPU
		{4F1701FB-A3C7-4672-886A-E64618753943}.Debug|Any CPU.Build.0 = Debug|Any CPU
		{4F1701FB-A3C7-4672-886A-E64618753943}.Release|Any CPU.ActiveCfg = Release|Any CPU
		{4F1701FB-A3C7-4672-886A-E64618753943}.Release|Any CPU.Build.0 = Release|Any CPU
		{D340E0CE-2A8B-4C54-B0D9-D6774E8735F4}.Debug|Any CPU.ActiveCfg = Debug|Any CPU
		{D340E0CE-2A8B-4C54-B0D9-D6774E8735F4}.Debug|Any CPU.Build.0 = Debug|Any CPU
		{D340E0CE-2A8B-4C54-B0D9-D6774E8735F4}.Debug|Any CPU.Deploy.0 = Debug|Any CPU
		{D340E0CE-2A8B-4C54-B0D9-D6774E8735F4}.Release|Any CPU.ActiveCfg = Release|Any CPU
		{D340E0CE-2A8B-4C54-B0D9-D6774E8735F4}.Release|Any CPU.Build.0 = Release|Any CPU
		{D340E0CE-2A8B-4C54-B0D9-D6774E8735F4}.Release|Any CPU.Deploy.0 = Release|Any CPU
		{58F67FE8-8060-4C05-B919-740066600326}.Debug|Any CPU.ActiveCfg = Debug|Any CPU
		{58F67FE8-8060-4C05-B919-740066600326}.Debug|Any CPU.Build.0 = Debug|Any CPU
		{58F67FE8-8060-4C05-B919-740066600326}.Release|Any CPU.ActiveCfg = Release|Any CPU
		{58F67FE8-8060-4C05-B919-740066600326}.Release|Any CPU.Build.0 = Release|Any CPU
	EndGlobalSection
	GlobalSection(SolutionProperties) = preSolution
		HideSolutionNode = FALSE
	EndGlobalSection
EndGlobal
